// !$*UTF8*$!
{
	archiveVersion = 1;
	classes = {
	};
	objectVersion = 46;
	objects = {

/* Begin PBXBuildFile section */
		1822C6181F4E6411001A691D /* CFPageController.swift in Sources */ = {isa = PBXBuildFile; fileRef = 1822C6171F4E6411001A691D /* CFPageController.swift */; };
		1822C61C1F4E7EE9001A691D /* CFMenuView.swift in Sources */ = {isa = PBXBuildFile; fileRef = 1822C61B1F4E7EE9001A691D /* CFMenuView.swift */; };
		183615451F4E63A4009DB451 /* AppDelegate.swift in Sources */ = {isa = PBXBuildFile; fileRef = 183615441F4E63A4009DB451 /* AppDelegate.swift */; };
		183615471F4E63A4009DB451 /* ViewController.swift in Sources */ = {isa = PBXBuildFile; fileRef = 183615461F4E63A4009DB451 /* ViewController.swift */; };
		1836154A1F4E63A4009DB451 /* Main.storyboard in Resources */ = {isa = PBXBuildFile; fileRef = 183615481F4E63A4009DB451 /* Main.storyboard */; };
		1836154C1F4E63A4009DB451 /* Assets.xcassets in Resources */ = {isa = PBXBuildFile; fileRef = 1836154B1F4E63A4009DB451 /* Assets.xcassets */; };
		1836154F1F4E63A4009DB451 /* LaunchScreen.storyboard in Resources */ = {isa = PBXBuildFile; fileRef = 1836154D1F4E63A4009DB451 /* LaunchScreen.storyboard */; };
		1836155A1F4E63A4009DB451 /* CFPgaeControllerExampleTests.swift in Sources */ = {isa = PBXBuildFile; fileRef = 183615591F4E63A4009DB451 /* CFPgaeControllerExampleTests.swift */; };
		183615651F4E63A4009DB451 /* CFPgaeControllerExampleUITests.swift in Sources */ = {isa = PBXBuildFile; fileRef = 183615641F4E63A4009DB451 /* CFPgaeControllerExampleUITests.swift */; };
		183EE40D1F4FEE6B00616334 /* CFMenuViewItem.swift in Sources */ = {isa = PBXBuildFile; fileRef = 183EE40C1F4FEE6B00616334 /* CFMenuViewItem.swift */; };
		E8419A48207CB04A0037AFDB /* CFPageContentView.swift in Sources */ = {isa = PBXBuildFile; fileRef = E8419A47207CB04A0037AFDB /* CFPageContentView.swift */; };
		E862EB412074BD6500483AA4 /* CFPageTopBar.swift in Sources */ = {isa = PBXBuildFile; fileRef = E862EB402074BD6500483AA4 /* CFPageTopBar.swift */; };
/* End PBXBuildFile section */

/* Begin PBXContainerItemProxy section */
		183615561F4E63A4009DB451 /* PBXContainerItemProxy */ = {
			isa = PBXContainerItemProxy;
			containerPortal = 183615391F4E63A4009DB451 /* Project object */;
			proxyType = 1;
			remoteGlobalIDString = 183615401F4E63A4009DB451;
			remoteInfo = CFPgaeControllerExample;
		};
		183615611F4E63A4009DB451 /* PBXContainerItemProxy */ = {
			isa = PBXContainerItemProxy;
			containerPortal = 183615391F4E63A4009DB451 /* Project object */;
			proxyType = 1;
			remoteGlobalIDString = 183615401F4E63A4009DB451;
			remoteInfo = CFPgaeControllerExample;
		};
/* End PBXContainerItemProxy section */

/* Begin PBXFileReference section */
		1822C6171F4E6411001A691D /* CFPageController.swift */ = {isa = PBXFileReference; fileEncoding = 4; lastKnownFileType = sourcecode.swift; path = CFPageController.swift; sourceTree = "<group>"; };
		1822C61B1F4E7EE9001A691D /* CFMenuView.swift */ = {isa = PBXFileReference; fileEncoding = 4; lastKnownFileType = sourcecode.swift; path = CFMenuView.swift; sourceTree = "<group>"; };
		183615411F4E63A4009DB451 /* CFPgaeControllerExample.app */ = {isa = PBXFileReference; explicitFileType = wrapper.application; includeInIndex = 0; path = CFPgaeControllerExample.app; sourceTree = BUILT_PRODUCTS_DIR; };
		183615441F4E63A4009DB451 /* AppDelegate.swift */ = {isa = PBXFileReference; lastKnownFileType = sourcecode.swift; path = AppDelegate.swift; sourceTree = "<group>"; };
		183615461F4E63A4009DB451 /* ViewController.swift */ = {isa = PBXFileReference; lastKnownFileType = sourcecode.swift; path = ViewController.swift; sourceTree = "<group>"; };
		183615491F4E63A4009DB451 /* Base */ = {isa = PBXFileReference; lastKnownFileType = file.storyboard; name = Base; path = Base.lproj/Main.storyboard; sourceTree = "<group>"; };
		1836154B1F4E63A4009DB451 /* Assets.xcassets */ = {isa = PBXFileReference; lastKnownFileType = folder.assetcatalog; path = Assets.xcassets; sourceTree = "<group>"; };
		1836154E1F4E63A4009DB451 /* Base */ = {isa = PBXFileReference; lastKnownFileType = file.storyboard; name = Base; path = Base.lproj/LaunchScreen.storyboard; sourceTree = "<group>"; };
		183615501F4E63A4009DB451 /* Info.plist */ = {isa = PBXFileReference; lastKnownFileType = text.plist.xml; path = Info.plist; sourceTree = "<group>"; };
		183615551F4E63A4009DB451 /* CFPgaeControllerExampleTests.xctest */ = {isa = PBXFileReference; explicitFileType = wrapper.cfbundle; includeInIndex = 0; path = CFPgaeControllerExampleTests.xctest; sourceTree = BUILT_PRODUCTS_DIR; };
		183615591F4E63A4009DB451 /* CFPgaeControllerExampleTests.swift */ = {isa = PBXFileReference; lastKnownFileType = sourcecode.swift; path = CFPgaeControllerExampleTests.swift; sourceTree = "<group>"; };
		1836155B1F4E63A4009DB451 /* Info.plist */ = {isa = PBXFileReference; lastKnownFileType = text.plist.xml; path = Info.plist; sourceTree = "<group>"; };
		183615601F4E63A4009DB451 /* CFPgaeControllerExampleUITests.xctest */ = {isa = PBXFileReference; explicitFileType = wrapper.cfbundle; includeInIndex = 0; path = CFPgaeControllerExampleUITests.xctest; sourceTree = BUILT_PRODUCTS_DIR; };
		183615641F4E63A4009DB451 /* CFPgaeControllerExampleUITests.swift */ = {isa = PBXFileReference; lastKnownFileType = sourcecode.swift; path = CFPgaeControllerExampleUITests.swift; sourceTree = "<group>"; };
		183615661F4E63A4009DB451 /* Info.plist */ = {isa = PBXFileReference; lastKnownFileType = text.plist.xml; path = Info.plist; sourceTree = "<group>"; };
		183EE40C1F4FEE6B00616334 /* CFMenuViewItem.swift */ = {isa = PBXFileReference; fileEncoding = 4; lastKnownFileType = sourcecode.swift; path = CFMenuViewItem.swift; sourceTree = "<group>"; };
		E8419A47207CB04A0037AFDB /* CFPageContentView.swift */ = {isa = PBXFileReference; lastKnownFileType = sourcecode.swift; path = CFPageContentView.swift; sourceTree = "<group>"; };
		E862EB402074BD6500483AA4 /* CFPageTopBar.swift */ = {isa = PBXFileReference; lastKnownFileType = sourcecode.swift; path = CFPageTopBar.swift; sourceTree = "<group>"; };
/* End PBXFileReference section */

/* Begin PBXFrameworksBuildPhase section */
		1836153E1F4E63A4009DB451 /* Frameworks */ = {
			isa = PBXFrameworksBuildPhase;
			buildActionMask = 2147483647;
			files = (
			);
			runOnlyForDeploymentPostprocessing = 0;
		};
		183615521F4E63A4009DB451 /* Frameworks */ = {
			isa = PBXFrameworksBuildPhase;
			buildActionMask = 2147483647;
			files = (
			);
			runOnlyForDeploymentPostprocessing = 0;
		};
		1836155D1F4E63A4009DB451 /* Frameworks */ = {
			isa = PBXFrameworksBuildPhase;
			buildActionMask = 2147483647;
			files = (
			);
			runOnlyForDeploymentPostprocessing = 0;
		};
/* End PBXFrameworksBuildPhase section */

/* Begin PBXGroup section */
		1822C6161F4E63F7001A691D /* CFPageController */ = {
			isa = PBXGroup;
			children = (
				1822C6171F4E6411001A691D /* CFPageController.swift */,
				E8419A47207CB04A0037AFDB /* CFPageContentView.swift */,
				E862EB402074BD6500483AA4 /* CFPageTopBar.swift */,
				1822C61B1F4E7EE9001A691D /* CFMenuView.swift */,
				183EE40C1F4FEE6B00616334 /* CFMenuViewItem.swift */,
			);
			path = CFPageController;
			sourceTree = "<group>";
		};
		183615381F4E63A4009DB451 = {
			isa = PBXGroup;
			children = (
				1822C6161F4E63F7001A691D /* CFPageController */,
				183615431F4E63A4009DB451 /* CFPgaeControllerExample */,
				183615581F4E63A4009DB451 /* CFPgaeControllerExampleTests */,
				183615631F4E63A4009DB451 /* CFPgaeControllerExampleUITests */,
				183615421F4E63A4009DB451 /* Products */,
			);
			sourceTree = "<group>";
		};
		183615421F4E63A4009DB451 /* Products */ = {
			isa = PBXGroup;
			children = (
				183615411F4E63A4009DB451 /* CFPgaeControllerExample.app */,
				183615551F4E63A4009DB451 /* CFPgaeControllerExampleTests.xctest */,
				183615601F4E63A4009DB451 /* CFPgaeControllerExampleUITests.xctest */,
			);
			name = Products;
			sourceTree = "<group>";
		};
		183615431F4E63A4009DB451 /* CFPgaeControllerExample */ = {
			isa = PBXGroup;
			children = (
				183615441F4E63A4009DB451 /* AppDelegate.swift */,
				183615461F4E63A4009DB451 /* ViewController.swift */,
				183615481F4E63A4009DB451 /* Main.storyboard */,
				1836154B1F4E63A4009DB451 /* Assets.xcassets */,
				1836154D1F4E63A4009DB451 /* LaunchScreen.storyboard */,
				183615501F4E63A4009DB451 /* Info.plist */,
			);
			path = CFPgaeControllerExample;
			sourceTree = "<group>";
		};
		183615581F4E63A4009DB451 /* CFPgaeControllerExampleTests */ = {
			isa = PBXGroup;
			children = (
				183615591F4E63A4009DB451 /* CFPgaeControllerExampleTests.swift */,
				1836155B1F4E63A4009DB451 /* Info.plist */,
			);
			path = CFPgaeControllerExampleTests;
			sourceTree = "<group>";
		};
		183615631F4E63A4009DB451 /* CFPgaeControllerExampleUITests */ = {
			isa = PBXGroup;
			children = (
				183615641F4E63A4009DB451 /* CFPgaeControllerExampleUITests.swift */,
				183615661F4E63A4009DB451 /* Info.plist */,
			);
			path = CFPgaeControllerExampleUITests;
			sourceTree = "<group>";
		};
/* End PBXGroup section */

/* Begin PBXNativeTarget section */
		183615401F4E63A4009DB451 /* CFPgaeControllerExample */ = {
			isa = PBXNativeTarget;
			buildConfigurationList = 183615691F4E63A4009DB451 /* Build configuration list for PBXNativeTarget "CFPgaeControllerExample" */;
			buildPhases = (
				1836153D1F4E63A4009DB451 /* Sources */,
				1836153E1F4E63A4009DB451 /* Frameworks */,
				1836153F1F4E63A4009DB451 /* Resources */,
			);
			buildRules = (
			);
			dependencies = (
			);
			name = CFPgaeControllerExample;
			productName = CFPgaeControllerExample;
			productReference = 183615411F4E63A4009DB451 /* CFPgaeControllerExample.app */;
			productType = "com.apple.product-type.application";
		};
		183615541F4E63A4009DB451 /* CFPgaeControllerExampleTests */ = {
			isa = PBXNativeTarget;
			buildConfigurationList = 1836156C1F4E63A4009DB451 /* Build configuration list for PBXNativeTarget "CFPgaeControllerExampleTests" */;
			buildPhases = (
				183615511F4E63A4009DB451 /* Sources */,
				183615521F4E63A4009DB451 /* Frameworks */,
				183615531F4E63A4009DB451 /* Resources */,
			);
			buildRules = (
			);
			dependencies = (
				183615571F4E63A4009DB451 /* PBXTargetDependency */,
			);
			name = CFPgaeControllerExampleTests;
			productName = CFPgaeControllerExampleTests;
			productReference = 183615551F4E63A4009DB451 /* CFPgaeControllerExampleTests.xctest */;
			productType = "com.apple.product-type.bundle.unit-test";
		};
		1836155F1F4E63A4009DB451 /* CFPgaeControllerExampleUITests */ = {
			isa = PBXNativeTarget;
			buildConfigurationList = 1836156F1F4E63A4009DB451 /* Build configuration list for PBXNativeTarget "CFPgaeControllerExampleUITests" */;
			buildPhases = (
				1836155C1F4E63A4009DB451 /* Sources */,
				1836155D1F4E63A4009DB451 /* Frameworks */,
				1836155E1F4E63A4009DB451 /* Resources */,
			);
			buildRules = (
			);
			dependencies = (
				183615621F4E63A4009DB451 /* PBXTargetDependency */,
			);
			name = CFPgaeControllerExampleUITests;
			productName = CFPgaeControllerExampleUITests;
			productReference = 183615601F4E63A4009DB451 /* CFPgaeControllerExampleUITests.xctest */;
			productType = "com.apple.product-type.bundle.ui-testing";
		};
/* End PBXNativeTarget section */

/* Begin PBXProject section */
		183615391F4E63A4009DB451 /* Project object */ = {
			isa = PBXProject;
			attributes = {
				LastSwiftUpdateCheck = 0830;
				LastUpgradeCheck = 0830;
				ORGANIZATIONNAME = cf;
				TargetAttributes = {
					183615401F4E63A4009DB451 = {
						CreatedOnToolsVersion = 8.3.2;
						DevelopmentTeam = W7F3KWK7XH;
						ProvisioningStyle = Automatic;
					};
					183615541F4E63A4009DB451 = {
						CreatedOnToolsVersion = 8.3.2;
						ProvisioningStyle = Automatic;
						TestTargetID = 183615401F4E63A4009DB451;
					};
					1836155F1F4E63A4009DB451 = {
						CreatedOnToolsVersion = 8.3.2;
						ProvisioningStyle = Automatic;
						TestTargetID = 183615401F4E63A4009DB451;
					};
				};
			};
			buildConfigurationList = 1836153C1F4E63A4009DB451 /* Build configuration list for PBXProject "CFPgaeControllerExample" */;
			compatibilityVersion = "Xcode 3.2";
			developmentRegion = English;
			hasScannedForEncodings = 0;
			knownRegions = (
				en,
				Base,
			);
			mainGroup = 183615381F4E63A4009DB451;
			productRefGroup = 183615421F4E63A4009DB451 /* Products */;
			projectDirPath = "";
			projectRoot = "";
			targets = (
				183615401F4E63A4009DB451 /* CFPgaeControllerExample */,
				183615541F4E63A4009DB451 /* CFPgaeControllerExampleTests */,
				1836155F1F4E63A4009DB451 /* CFPgaeControllerExampleUITests */,
			);
		};
/* End PBXProject section */

/* Begin PBXResourcesBuildPhase section */
		1836153F1F4E63A4009DB451 /* Resources */ = {
			isa = PBXResourcesBuildPhase;
			buildActionMask = 2147483647;
			files = (
				1836154F1F4E63A4009DB451 /* LaunchScreen.storyboard in Resources */,
				1836154C1F4E63A4009DB451 /* Assets.xcassets in Resources */,
				1836154A1F4E63A4009DB451 /* Main.storyboard in Resources */,
			);
			runOnlyForDeploymentPostprocessing = 0;
		};
		183615531F4E63A4009DB451 /* Resources */ = {
			isa = PBXResourcesBuildPhase;
			buildActionMask = 2147483647;
			files = (
			);
			runOnlyForDeploymentPostprocessing = 0;
		};
		1836155E1F4E63A4009DB451 /* Resources */ = {
			isa = PBXResourcesBuildPhase;
			buildActionMask = 2147483647;
			files = (
			);
			runOnlyForDeploymentPostprocessing = 0;
		};
/* End PBXResourcesBuildPhase section */

/* Begin PBXSourcesBuildPhase section */
		1836153D1F4E63A4009DB451 /* Sources */ = {
			isa = PBXSourcesBuildPhase;
			buildActionMask = 2147483647;
			files = (
				183EE40D1F4FEE6B00616334 /* CFMenuViewItem.swift in Sources */,
				183615471F4E63A4009DB451 /* ViewController.swift in Sources */,
				1822C61C1F4E7EE9001A691D /* CFMenuView.swift in Sources */,
				E862EB412074BD6500483AA4 /* CFPageTopBar.swift in Sources */,
				183615451F4E63A4009DB451 /* AppDelegate.swift in Sources */,
				1822C6181F4E6411001A691D /* CFPageController.swift in Sources */,
				E8419A48207CB04A0037AFDB /* CFPageContentView.swift in Sources */,
			);
			runOnlyForDeploymentPostprocessing = 0;
		};
		183615511F4E63A4009DB451 /* Sources */ = {
			isa = PBXSourcesBuildPhase;
			buildActionMask = 2147483647;
			files = (
				1836155A1F4E63A4009DB451 /* CFPgaeControllerExampleTests.swift in Sources */,
			);
			runOnlyForDeploymentPostprocessing = 0;
		};
		1836155C1F4E63A4009DB451 /* Sources */ = {
			isa = PBXSourcesBuildPhase;
			buildActionMask = 2147483647;
			files = (
				183615651F4E63A4009DB451 /* CFPgaeControllerExampleUITests.swift in Sources */,
			);
			runOnlyForDeploymentPostprocessing = 0;
		};
/* End PBXSourcesBuildPhase section */

/* Begin PBXTargetDependency section */
		183615571F4E63A4009DB451 /* PBXTargetDependency */ = {
			isa = PBXTargetDependency;
			target = 183615401F4E63A4009DB451 /* CFPgaeControllerExample */;
			targetProxy = 183615561F4E63A4009DB451 /* PBXContainerItemProxy */;
		};
		183615621F4E63A4009DB451 /* PBXTargetDependency */ = {
			isa = PBXTargetDependency;
			target = 183615401F4E63A4009DB451 /* CFPgaeControllerExample */;
			targetProxy = 183615611F4E63A4009DB451 /* PBXContainerItemProxy */;
		};
/* End PBXTargetDependency section */

/* Begin PBXVariantGroup section */
		183615481F4E63A4009DB451 /* Main.storyboard */ = {
			isa = PBXVariantGroup;
			children = (
				183615491F4E63A4009DB451 /* Base */,
			);
			name = Main.storyboard;
			sourceTree = "<group>";
		};
		1836154D1F4E63A4009DB451 /* LaunchScreen.storyboard */ = {
			isa = PBXVariantGroup;
			children = (
				1836154E1F4E63A4009DB451 /* Base */,
			);
			name = LaunchScreen.storyboard;
			sourceTree = "<group>";
		};
/* End PBXVariantGroup section */

/* Begin XCBuildConfiguration section */
		183615671F4E63A4009DB451 /* Debug */ = {
			isa = XCBuildConfiguration;
			buildSettings = {
				ALWAYS_SEARCH_USER_PATHS = NO;
				CLANG_ANALYZER_NONNULL = YES;
				CLANG_ANALYZER_NUMBER_OBJECT_CONVERSION = YES_AGGRESSIVE;
				CLANG_CXX_LANGUAGE_STANDARD = "gnu++0x";
				CLANG_CXX_LIBRARY = "libc++";
				CLANG_ENABLE_MODULES = YES;
				CLANG_ENABLE_OBJC_ARC = YES;
				CLANG_WARN_BOOL_CONVERSION = YES;
				CLANG_WARN_CONSTANT_CONVERSION = YES;
				CLANG_WARN_DIRECT_OBJC_ISA_USAGE = YES_ERROR;
				CLANG_WARN_DOCUMENTATION_COMMENTS = YES;
				CLANG_WARN_EMPTY_BODY = YES;
				CLANG_WARN_ENUM_CONVERSION = YES;
				CLANG_WARN_INFINITE_RECURSION = YES;
				CLANG_WARN_INT_CONVERSION = YES;
				CLANG_WARN_OBJC_ROOT_CLASS = YES_ERROR;
				CLANG_WARN_SUSPICIOUS_MOVE = YES;
				CLANG_WARN_UNREACHABLE_CODE = YES;
				CLANG_WARN__DUPLICATE_METHOD_MATCH = YES;
				"CODE_SIGN_IDENTITY[sdk=iphoneos*]" = "iPhone Developer";
				COPY_PHASE_STRIP = NO;
				DEBUG_INFORMATION_FORMAT = dwarf;
				ENABLE_STRICT_OBJC_MSGSEND = YES;
				ENABLE_TESTABILITY = YES;
				GCC_C_LANGUAGE_STANDARD = gnu99;
				GCC_DYNAMIC_NO_PIC = NO;
				GCC_NO_COMMON_BLOCKS = YES;
				GCC_OPTIMIZATION_LEVEL = 0;
				GCC_PREPROCESSOR_DEFINITIONS = (
					"DEBUG=1",
					"$(inherited)",
				);
				GCC_WARN_64_TO_32_BIT_CONVERSION = YES;
				GCC_WARN_ABOUT_RETURN_TYPE = YES_ERROR;
				GCC_WARN_UNDECLARED_SELECTOR = YES;
				GCC_WARN_UNINITIALIZED_AUTOS = YES_AGGRESSIVE;
				GCC_WARN_UNUSED_FUNCTION = YES;
				GCC_WARN_UNUSED_VARIABLE = YES;
				IPHONEOS_DEPLOYMENT_TARGET = 10.3;
				MTL_ENABLE_DEBUG_INFO = YES;
				ONLY_ACTIVE_ARCH = YES;
				SDKROOT = iphoneos;
				SWIFT_ACTIVE_COMPILATION_CONDITIONS = DEBUG;
				SWIFT_OPTIMIZATION_LEVEL = "-Onone";
			};
			name = Debug;
		};
		183615681F4E63A4009DB451 /* Release */ = {
			isa = XCBuildConfiguration;
			buildSettings = {
				ALWAYS_SEARCH_USER_PATHS = NO;
				CLANG_ANALYZER_NONNULL = YES;
				CLANG_ANALYZER_NUMBER_OBJECT_CONVERSION = YES_AGGRESSIVE;
				CLANG_CXX_LANGUAGE_STANDARD = "gnu++0x";
				CLANG_CXX_LIBRARY = "libc++";
				CLANG_ENABLE_MODULES = YES;
				CLANG_ENABLE_OBJC_ARC = YES;
				CLANG_WARN_BOOL_CONVERSION = YES;
				CLANG_WARN_CONSTANT_CONVERSION = YES;
				CLANG_WARN_DIRECT_OBJC_ISA_USAGE = YES_ERROR;
				CLANG_WARN_DOCUMENTATION_COMMENTS = YES;
				CLANG_WARN_EMPTY_BODY = YES;
				CLANG_WARN_ENUM_CONVERSION = YES;
				CLANG_WARN_INFINITE_RECURSION = YES;
				CLANG_WARN_INT_CONVERSION = YES;
				CLANG_WARN_OBJC_ROOT_CLASS = YES_ERROR;
				CLANG_WARN_SUSPICIOUS_MOVE = YES;
				CLANG_WARN_UNREACHABLE_CODE = YES;
				CLANG_WARN__DUPLICATE_METHOD_MATCH = YES;
				"CODE_SIGN_IDENTITY[sdk=iphoneos*]" = "iPhone Developer";
				COPY_PHASE_STRIP = NO;
				DEBUG_INFORMATION_FORMAT = "dwarf-with-dsym";
				ENABLE_NS_ASSERTIONS = NO;
				ENABLE_STRICT_OBJC_MSGSEND = YES;
				GCC_C_LANGUAGE_STANDARD = gnu99;
				GCC_NO_COMMON_BLOCKS = YES;
				GCC_WARN_64_TO_32_BIT_CONVERSION = YES;
				GCC_WARN_ABOUT_RETURN_TYPE = YES_ERROR;
				GCC_WARN_UNDECLARED_SELECTOR = YES;
				GCC_WARN_UNINITIALIZED_AUTOS = YES_AGGRESSIVE;
				GCC_WARN_UNUSED_FUNCTION = YES;
				GCC_WARN_UNUSED_VARIABLE = YES;
				IPHONEOS_DEPLOYMENT_TARGET = 10.3;
				MTL_ENABLE_DEBUG_INFO = NO;
				SDKROOT = iphoneos;
				SWIFT_OPTIMIZATION_LEVEL = "-Owholemodule";
				VALIDATE_PRODUCT = YES;
			};
			name = Release;
		};
		1836156A1F4E63A4009DB451 /* Debug */ = {
			isa = XCBuildConfiguration;
			buildSettings = {
				ASSETCATALOG_COMPILER_APPICON_NAME = AppIcon;
				DEVELOPMENT_TEAM = W7F3KWK7XH;
				INFOPLIST_FILE = CFPgaeControllerExample/Info.plist;
				IPHONEOS_DEPLOYMENT_TARGET = 9.0;
				LD_RUNPATH_SEARCH_PATHS = "$(inherited) @executable_path/Frameworks";
				PRODUCT_BUNDLE_IDENTIFIER = com.cfdemo.CFPgaeControllerExample;
				PRODUCT_NAME = "$(TARGET_NAME)";
				SWIFT_VERSION = 3.0;
			};
			name = Debug;
		};
		1836156B1F4E63A4009DB451 /* Release */ = {
			isa = XCBuildConfiguration;
			buildSettings = {
				ASSETCATALOG_COMPILER_APPICON_NAME = AppIcon;
				DEVELOPMENT_TEAM = W7F3KWK7XH;
				INFOPLIST_FILE = CFPgaeControllerExample/Info.plist;
				IPHONEOS_DEPLOYMENT_TARGET = 9.0;
				LD_RUNPATH_SEARCH_PATHS = "$(inherited) @executable_path/Frameworks";
				PRODUCT_BUNDLE_IDENTIFIER = com.cfdemo.CFPgaeControllerExample;
				PRODUCT_NAME = "$(TARGET_NAME)";
				SWIFT_VERSION = 3.0;
			};
			name = Release;
		};
		1836156D1F4E63A4009DB451 /* Debug */ = {
			isa = XCBuildConfiguration;
			buildSettings = {
				ALWAYS_EMBED_SWIFT_STANDARD_LIBRARIES = YES;
				BUNDLE_LOADER = "$(TEST_HOST)";
				INFOPLIST_FILE = CFPgaeControllerExampleTests/Info.plist;
				LD_RUNPATH_SEARCH_PATHS = "$(inherited) @executable_path/Frameworks @loader_path/Frameworks";
				PRODUCT_BUNDLE_IDENTIFIER = com.cfdemo.CFPgaeControllerExampleTests;
				PRODUCT_NAME = "$(TARGET_NAME)";
				SWIFT_VERSION = 3.0;
				TEST_HOST = "$(BUILT_PRODUCTS_DIR)/CFPgaeControllerExample.app/CFPgaeControllerExample";
			};
			name = Debug;
		};
		1836156E1F4E63A4009DB451 /* Release */ = {
			isa = XCBuildConfiguration;
			buildSettings = {
				ALWAYS_EMBED_SWIFT_STANDARD_LIBRARIES = YES;
				BUNDLE_LOADER = "$(TEST_HOST)";
				INFOPLIST_FILE = CFPgaeControllerExampleTests/Info.plist;
				LD_RUNPATH_SEARCH_PATHS = "$(inherited) @executable_path/Frameworks @loader_path/Frameworks";
				PRODUCT_BUNDLE_IDENTIFIER = com.cfdemo.CFPgaeControllerExampleTests;
				PRODUCT_NAME = "$(TARGET_NAME)";
				SWIFT_VERSION = 3.0;
				TEST_HOST = "$(BUILT_PRODUCTS_DIR)/CFPgaeControllerExample.app/CFPgaeControllerExample";
			};
			name = Release;
		};
		183615701F4E63A4009DB451 /* Debug */ = {
			isa = XCBuildConfiguration;
			buildSettings = {
				ALWAYS_EMBED_SWIFT_STANDARD_LIBRARIES = YES;
				INFOPLIST_FILE = CFPgaeControllerExampleUITests/Info.plist;
				LD_RUNPATH_SEARCH_PATHS = "$(inherited) @executable_path/Frameworks @loader_path/Frameworks";
				PRODUCT_BUNDLE_IDENTIFIER = com.cfdemo.CFPgaeControllerExampleUITests;
				PRODUCT_NAME = "$(TARGET_NAME)";
				SWIFT_VERSION = 3.0;
				TEST_TARGET_NAME = CFPgaeControllerExample;
			};
			name = Debug;
		};
		183615711F4E63A4009DB451 /* Release */ = {
			isa = XCBuildConfiguration;
			buildSettings = {
				ALWAYS_EMBED_SWIFT_STANDARD_LIBRARIES = YES;
				INFOPLIST_FILE = CFPgaeControllerExampleUITests/Info.plist;
				LD_RUNPATH_SEARCH_PATHS = "$(inherited) @executable_path/Frameworks @loader_path/Frameworks";
				PRODUCT_BUNDLE_IDENTIFIER = com.cfdemo.CFPgaeControllerExampleUITests;
				PRODUCT_NAME = "$(TARGET_NAME)";
				SWIFT_VERSION = 3.0;
				TEST_TARGET_NAME = CFPgaeControllerExample;
			};
			name = Release;
		};
/* End XCBuildConfiguration section */

/* Begin XCConfigurationList section */
		1836153C1F4E63A4009DB451 /* Build configuration list for PBXProject "CFPgaeControllerExample" */ = {
			isa = XCConfigurationList;
			buildConfigurations = (
				183615671F4E63A4009DB451 /* Debug */,
				183615681F4E63A4009DB451 /* Release */,
			);
			defaultConfigurationIsVisible = 0;
			defaultConfigurationName = Release;
		};
		183615691F4E63A4009DB451 /* Build configuration list for PBXNativeTarget "CFPgaeControllerExample" */ = {
			isa = XCConfigurationList;
			buildConfigurations = (
				1836156A1F4E63A4009DB451 /* Debug */,
				1836156B1F4E63A4009DB451 /* Release */,
			);
			defaultConfigurationIsVisible = 0;
			defaultConfigurationName = Release;
		};
		1836156C1F4E63A4009DB451 /* Build configuration list for PBXNativeTarget "CFPgaeControllerExampleTests" */ = {
			isa = XCConfigurationList;
			buildConfigurations = (
				1836156D1F4E63A4009DB451 /* Debug */,
				1836156E1F4E63A4009DB451 /* Release */,
			);
			defaultConfigurationIsVisible = 0;
			defaultConfigurationName = Release;
		};
		1836156F1F4E63A4009DB451 /* Build configuration list for PBXNativeTarget "CFPgaeControllerExampleUITests" */ = {
			isa = XCConfigurationList;
			buildConfigurations = (
				183615701F4E63A4009DB451 /* Debug */,
				183615711F4E63A4009DB451 /* Release */,
			);
			defaultConfigurationIsVisible = 0;
			defaultConfigurationName = Release;
		};
/* End XCConfigurationList section */
	};
	rootObject = 183615391F4E63A4009DB451 /* Project object */;
}
